
Microsoft Visual Studio Solution File, Format Version 12.00
# Visual Studio Version 17
VisualStudioVersion = 17.5.33530.505
MinimumVisualStudioVersion = 10.0.40219.1
Project("{FAE04EC0-301F-11D3-BF4B-00C04F79EFBC}") = "WinFormsApp3", "WinFormsApp3\WinFormsApp3.csproj", "{B159748E-4BF0-404F-8B95-C34F85629422}"
EndProject
Global
	GlobalSection(SolutionConfigurationPlatforms) = preSolution
		Debug|Any CPU = Debug|Any CPU
		Release|Any CPU = Release|Any CPU
	EndGlobalSection
	GlobalSection(ProjectConfigurationPlatforms) = postSolution
		{B159748E-4BF0-404F-8B95-C34F85629422}.Debug|Any CPU.ActiveCfg = Debug|Any CPU
		{B159748E-4BF0-404F-8B95-C34F85629422}.Debug|Any CPU.Build.0 = Debug|Any CPU
		{B159748E-4BF0-404F-8B95-C34F85629422}.Release|Any CPU.ActiveCfg = Release|Any CPU
		{B159748E-4BF0-404F-8B95-C34F85629422}.Release|Any CPU.Build.0 = Release|Any CPU
	EndGlobalSection
	GlobalSection(SolutionProperties) = preSolution
		HideSolutionNode = FALSE
	EndGlobalSection
	GlobalSection(ExtensibilityGlobals) = postSolution
		SolutionGuid = {28DA06C7-1D58-4FCC-BADB-53F9D6749955}
	EndGlobalSection
EndGlobal
